// !$*UTF8*$!
{
	archiveVersion = 1;
	classes = {
	};
	objectVersion = 46;
	objects = {

/* Begin PBXBuildFile section */
		A09D17B51A79E14600285630 /* AppDelegate.swift in Sources */ = {isa = PBXBuildFile; fileRef = A09D17B41A79E14600285630 /* AppDelegate.swift */; };
		A09D17B71A79E14600285630 /* ViewController.swift in Sources */ = {isa = PBXBuildFile; fileRef = A09D17B61A79E14600285630 /* ViewController.swift */; };
		A09D17BA1A79E14600285630 /* Main.storyboard in Resources */ = {isa = PBXBuildFile; fileRef = A09D17B81A79E14600285630 /* Main.storyboard */; };
		A09D17BC1A79E14600285630 /* Images.xcassets in Resources */ = {isa = PBXBuildFile; fileRef = A09D17BB1A79E14600285630 /* Images.xcassets */; };
		A09D17BF1A79E14600285630 /* LaunchScreen.xib in Resources */ = {isa = PBXBuildFile; fileRef = A09D17BD1A79E14600285630 /* LaunchScreen.xib */; };
		A09D17CB1A79E14700285630 /* SlotMachineTests.swift in Sources */ = {isa = PBXBuildFile; fileRef = A09D17CA1A79E14700285630 /* SlotMachineTests.swift */; };
/* End PBXBuildFile section */

/* Begin PBXContainerItemProxy section */
		A09D17C51A79E14700285630 /* PBXContainerItemProxy */ = {
			isa = PBXContainerItemProxy;
			containerPortal = A09D17A71A79E14600285630 /* Project object */;
			proxyType = 1;
			remoteGlobalIDString = A09D17AE1A79E14600285630;
			remoteInfo = SlotMachine;
		};
/* End PBXContainerItemProxy section */

/* Begin PBXFileReference section */
		A09D17AF1A79E14600285630 /* SlotMachine.app */ = {isa = PBXFileReference; explicitFileType = wrapper.application; includeInIndex = 0; path = SlotMachine.app; sourceTree = BUILT_PRODUCTS_DIR; };
		A09D17B31A79E14600285630 /* Info.plist */ = {isa = PBXFileReference; lastKnownFileType = text.plist.xml; path = Info.plist; sourceTree = "<group>"; };
		A09D17B41A79E14600285630 /* AppDelegate.swift */ = {isa = PBXFileReference; lastKnownFileType = sourcecode.swift; path = AppDelegate.swift; sourceTree = "<group>"; };
		A09D17B61A79E14600285630 /* ViewController.swift */ = {isa = PBXFileReference; lastKnownFileType = sourcecode.swift; path = ViewController.swift; sourceTree = "<group>"; };
		A09D17B91A79E14600285630 /* Base */ = {isa = PBXFileReference; lastKnownFileType = file.storyboard; name = Base; path = Base.lproj/Main.storyboard; sourceTree = "<group>"; };
		A09D17BB1A79E14600285630 /* Images.xcassets */ = {isa = PBXFileReference; lastKnownFileType = folder.assetcatalog; path = Images.xcassets; sourceTree = "<group>"; };
		A09D17BE1A79E14600285630 /* Base */ = {isa = PBXFileReference; lastKnownFileType = file.xib; name = Base; path = Base.lproj/LaunchScreen.xib; sourceTree = "<group>"; };
		A09D17C41A79E14700285630 /* SlotMachineTests.xctest */ = {isa = PBXFileReference; explicitFileType = wrapper.cfbundle; includeInIndex = 0; path = SlotMachineTests.xctest; sourceTree = BUILT_PRODUCTS_DIR; };
		A09D17C91A79E14700285630 /* Info.plist */ = {isa = PBXFileReference; lastKnownFileType = text.plist.xml; path = Info.plist; sourceTree = "<group>"; };
		A09D17CA1A79E14700285630 /* SlotMachineTests.swift */ = {isa = PBXFileReference; lastKnownFileType = sourcecode.swift; path = SlotMachineTests.swift; sourceTree = "<group>"; };
/* End PBXFileReference section */

/* Begin PBXFrameworksBuildPhase section */
		A09D17AC1A79E14600285630 /* Frameworks */ = {
			isa = PBXFrameworksBuildPhase;
			buildActionMask = 2147483647;
			files = (
			);
			runOnlyForDeploymentPostprocessing = 0;
		};
		A09D17C11A79E14700285630 /* Frameworks */ = {
			isa = PBXFrameworksBuildPhase;
			buildActionMask = 2147483647;
			files = (
			);
			runOnlyForDeploymentPostprocessing = 0;
		};
/* End PBXFrameworksBuildPhase section */

/* Begin PBXGroup section */
		A09D17A61A79E14600285630 = {
			isa = PBXGroup;
			children = (
				A09D17B11A79E14600285630 /* SlotMachine */,
				A09D17C71A79E14700285630 /* SlotMachineTests */,
				A09D17B01A79E14600285630 /* Products */,
			);
			sourceTree = "<group>";
		};
		A09D17B01A79E14600285630 /* Products */ = {
			isa = PBXGroup;
			children = (
				A09D17AF1A79E14600285630 /* SlotMachine.app */,
				A09D17C41A79E14700285630 /* SlotMachineTests.xctest */,
			);
			name = Products;
			sourceTree = "<group>";
		};
		A09D17B11A79E14600285630 /* SlotMachine */ = {
			isa = PBXGroup;
			children = (
				A09D17B41A79E14600285630 /* AppDelegate.swift */,
				A09D17B61A79E14600285630 /* ViewController.swift */,
				A09D17B81A79E14600285630 /* Main.storyboard */,
				A09D17BB1A79E14600285630 /* Images.xcassets */,
				A09D17BD1A79E14600285630 /* LaunchScreen.xib */,
				A09D17B21A79E14600285630 /* Supporting Files */,
			);
			path = SlotMachine;
			sourceTree = "<group>";
		};
		A09D17B21A79E14600285630 /* Supporting Files */ = {
			isa = PBXGroup;
			children = (
				A09D17B31A79E14600285630 /* Info.plist */,
			);
			name = "Supporting Files";
			sourceTree = "<group>";
		};
		A09D17C71A79E14700285630 /* SlotMachineTests */ = {
			isa = PBXGroup;
			children = (
				A09D17CA1A79E14700285630 /* SlotMachineTests.swift */,
				A09D17C81A79E14700285630 /* Supporting Files */,
			);
			path = SlotMachineTests;
			sourceTree = "<group>";
		};
		A09D17C81A79E14700285630 /* Supporting Files */ = {
			isa = PBXGroup;
			children = (
				A09D17C91A79E14700285630 /* Info.plist */,
			);
			name = "Supporting Files";
			sourceTree = "<group>";
		};
/* End PBXGroup section */

/* Begin PBXNativeTarget section */
		A09D17AE1A79E14600285630 /* SlotMachine */ = {
			isa = PBXNativeTarget;
			buildConfigurationList = A09D17CE1A79E14700285630 /* Build configuration list for PBXNativeTarget "SlotMachine" */;
			buildPhases = (
				A09D17AB1A79E14600285630 /* Sources */,
				A09D17AC1A79E14600285630 /* Frameworks */,
				A09D17AD1A79E14600285630 /* Resources */,
			);
			buildRules = (
			);
			dependencies = (
			);
			name = SlotMachine;
			productName = SlotMachine;
			productReference = A09D17AF1A79E14600285630 /* SlotMachine.app */;
			productType = "com.apple.product-type.application";
		};
		A09D17C31A79E14700285630 /* SlotMachineTests */ = {
			isa = PBXNativeTarget;
			buildConfigurationList = A09D17D11A79E14700285630 /* Build configuration list for PBXNativeTarget "SlotMachineTests" */;
			buildPhases = (
				A09D17C01A79E14700285630 /* Sources */,
				A09D17C11A79E14700285630 /* Frameworks */,
				A09D17C21A79E14700285630 /* Resources */,
			);
			buildRules = (
			);
			dependencies = (
				A09D17C61A79E14700285630 /* PBXTargetDependency */,
			);
			name = SlotMachineTests;
			productName = SlotMachineTests;
			productReference = A09D17C41A79E14700285630 /* SlotMachineTests.xctest */;
			productType = "com.apple.product-type.bundle.unit-test";
		};
/* End PBXNativeTarget section */

/* Begin PBXProject section */
		A09D17A71A79E14600285630 /* Project object */ = {
			isa = PBXProject;
			attributes = {
				LastUpgradeCheck = 0620;
				ORGANIZATIONNAME = "Schism Studios";
				TargetAttributes = {
					A09D17AE1A79E14600285630 = {
						CreatedOnToolsVersion = 6.2;
					};
					A09D17C31A79E14700285630 = {
						CreatedOnToolsVersion = 6.2;
						TestTargetID = A09D17AE1A79E14600285630;
					};
				};
			};
			buildConfigurationList = A09D17AA1A79E14600285630 /* Build configuration list for PBXProject "SlotMachine" */;
			compatibilityVersion = "Xcode 3.2";
			developmentRegion = English;
			hasScannedForEncodings = 0;
			knownRegions = (
				en,
				Base,
			);
			mainGroup = A09D17A61A79E14600285630;
			productRefGroup = A09D17B01A79E14600285630 /* Products */;
			projectDirPath = "";
			projectRoot = "";
			targets = (
				A09D17AE1A79E14600285630 /* SlotMachine */,
				A09D17C31A79E14700285630 /* SlotMachineTests */,
			);
		};
/* End PBXProject section */

/* Begin PBXResourcesBuildPhase section */
		A09D17AD1A79E14600285630 /* Resources */ = {
			isa = PBXResourcesBuildPhase;
			buildActionMask = 2147483647;
			files = (
				A09D17BA1A79E14600285630 /* Main.storyboard in Resources */,
				A09D17BF1A79E14600285630 /* LaunchScreen.xib in Resources */,
				A09D17BC1A79E14600285630 /* Images.xcassets in Resources */,
			);
			runOnlyForDeploymentPostprocessing = 0;
		};
		A09D17C21A79E14700285630 /* Resources */ = {
			isa = PBXResourcesBuildPhase;
			buildActionMask = 2147483647;
			files = (
			);
			runOnlyForDeploymentPostprocessing = 0;
		};
/* End PBXResourcesBuildPhase section */

/* Begin PBXSourcesBuildPhase section */
		A09D17AB1A79E14600285630 /* Sources */ = {
			isa = PBXSourcesBuildPhase;
			buildActionMask = 2147483647;
			files = (
				A09D17B71A79E14600285630 /* ViewController.swift in Sources */,
				A09D17B51A79E14600285630 /* AppDelegate.swift in Sources */,
			);
			runOnlyForDeploymentPostprocessing = 0;
		};
		A09D17C01A79E14700285630 /* Sources */ = {
			isa = PBXSourcesBuildPhase;
			buildActionMask = 2147483647;
			files = (
				A09D17CB1A79E14700285630 /* SlotMachineTests.swift in Sources */,
			);
			runOnlyForDeploymentPostprocessing = 0;
		};
/* End PBXSourcesBuildPhase section */

/* Begin PBXTargetDependency section */
		A09D17C61A79E14700285630 /* PBXTargetDependency */ = {
			isa = PBXTargetDependency;
			target = A09D17AE1A79E14600285630 /* SlotMachine */;
			targetProxy = A09D17C51A79E14700285630 /* PBXContainerItemProxy */;
		};
/* End PBXTargetDependency section */

/* Begin PBXVariantGroup section */
		A09D17B81A79E14600285630 /* Main.storyboard */ = {
			isa = PBXVariantGroup;
			children = (
				A09D17B91A79E14600285630 /* Base */,
			);
			name = Main.storyboard;
			sourceTree = "<group>";
		};
		A09D17BD1A79E14600285630 /* LaunchScreen.xib */ = {
			isa = PBXVariantGroup;
			children = (
				A09D17BE1A79E14600285630 /* Base */,
			);
			name = LaunchScreen.xib;
			sourceTree = "<group>";
		};
/* End PBXVariantGroup section */

/* Begin XCBuildConfiguration section */
		A09D17CC1A79E14700285630 /* Debug */ = {
			isa = XCBuildConfiguration;
			buildSettings = {
				ALWAYS_SEARCH_USER_PATHS = NO;
				CLANG_CXX_LANGUAGE_STANDARD = "gnu++0x";
				CLANG_CXX_LIBRARY = "libc++";
				CLANG_ENABLE_MODULES = YES;
				CLANG_ENABLE_OBJC_ARC = YES;
				CLANG_WARN_BOOL_CONVERSION = YES;
				CLANG_WARN_CONSTANT_CONVERSION = YES;
				CLANG_WARN_DIRECT_OBJC_ISA_USAGE = YES_ERROR;
				CLANG_WARN_EMPTY_BODY = YES;
				CLANG_WARN_ENUM_CONVERSION = YES;
				CLANG_WARN_INT_CONVERSION = YES;
				CLANG_WARN_OBJC_ROOT_CLASS = YES_ERROR;
				CLANG_WARN_UNREACHABLE_CODE = YES;
				CLANG_WARN__DUPLICATE_METHOD_MATCH = YES;
				"CODE_SIGN_IDENTITY[sdk=iphoneos*]" = "iPhone Developer";
				COPY_PHASE_STRIP = NO;
				ENABLE_STRICT_OBJC_MSGSEND = YES;
				GCC_C_LANGUAGE_STANDARD = gnu99;
				GCC_DYNAMIC_NO_PIC = NO;
				GCC_OPTIMIZATION_LEVEL = 0;
				GCC_PREPROCESSOR_DEFINITIONS = (
					"DEBUG=1",
					"$(inherited)",
				);
				GCC_SYMBOLS_PRIVATE_EXTERN = NO;
				GCC_WARN_64_TO_32_BIT_CONVERSION = YES;
				GCC_WARN_ABOUT_RETURN_TYPE = YES_ERROR;
				GCC_WARN_UNDECLARED_SELECTOR = YES;
				GCC_WARN_UNINITIALIZED_AUTOS = YES_AGGRESSIVE;
				GCC_WARN_UNUSED_FUNCTION = YES;
				GCC_WARN_UNUSED_VARIABLE = YES;
				IPHONEOS_DEPLOYMENT_TARGET = 8.2;
				MTL_ENABLE_DEBUG_INFO = YES;
				ONLY_ACTIVE_ARCH = YES;
				SDKROOT = iphoneos;
				SWIFT_OPTIMIZATION_LEVEL = "-Onone";
				TARGETED_DEVICE_FAMILY = "1,2";
			};
			name = Debug;
		};
		A09D17CD1A79E14700285630 /* Release */ = {
			isa = XCBuildConfiguration;
			buildSettings = {
				ALWAYS_SEARCH_USER_PATHS = NO;
				CLANG_CXX_LANGUAGE_STANDARD = "gnu++0x";
				CLANG_CXX_LIBRARY = "libc++";
				CLANG_ENABLE_MODULES = YES;
				CLANG_ENABLE_OBJC_ARC = YES;
				CLANG_WARN_BOOL_CONVERSION = YES;
				CLANG_WARN_CONSTANT_CONVERSION = YES;
				CLANG_WARN_DIRECT_OBJC_ISA_USAGE = YES_ERROR;
				CLANG_WARN_EMPTY_BODY = YES;
				CLANG_WARN_ENUM_CONVERSION = YES;
				CLANG_WARN_INT_CONVERSION = YES;
				CLANG_WARN_OBJC_ROOT_CLASS = YES_ERROR;
				CLANG_WARN_UNREACHABLE_CODE = YES;
				CLANG_WARN__DUPLICATE_METHOD_MATCH = YES;
				"CODE_SIGN_IDENTITY[sdk=iphoneos*]" = "iPhone Developer";
				COPY_PHASE_STRIP = NO;
				ENABLE_NS_ASSERTIONS = NO;
				ENABLE_STRICT_OBJC_MSGSEND = YES;
				GCC_C_LANGUAGE_STANDARD = gnu99;
				GCC_WARN_64_TO_32_BIT_CONVERSION = YES;
				GCC_WARN_ABOUT_RETURN_TYPE = YES_ERROR;
				GCC_WARN_UNDECLARED_SELECTOR = YES;
				GCC_WARN_UNINITIALIZED_AUTOS = YES_AGGRESSIVE;
				GCC_WARN_UNUSED_FUNCTION = YES;
				GCC_WARN_UNUSED_VARIABLE = YES;
				IPHONEOS_DEPLOYMENT_TARGET = 8.2;
				MTL_ENABLE_DEBUG_INFO = NO;
				SDKROOT = iphoneos;
				TARGETED_DEVICE_FAMILY = "1,2";
				VALIDATE_PRODUCT = YES;
			};
			name = Release;
		};
		A09D17CF1A79E14700285630 /* Debug */ = {
			isa = XCBuildConfiguration;
			buildSettings = {
				ASSETCATALOG_COMPILER_APPICON_NAME = AppIcon;
				INFOPLIST_FILE = SlotMachine/Info.plist;
				LD_RUNPATH_SEARCH_PATHS = "$(inherited) @executable_path/Frameworks";
				PRODUCT_NAME = "$(TARGET_NAME)";
			};
			name = Debug;
		};
		A09D17D01A79E14700285630 /* Release */ = {
			isa = XCBuildConfiguration;
			buildSettings = {
				ASSETCATALOG_COMPILER_APPICON_NAME = AppIcon;
				INFOPLIST_FILE = SlotMachine/Info.plist;
				LD_RUNPATH_SEARCH_PATHS = "$(inherited) @executable_path/Frameworks";
				PRODUCT_NAME = "$(TARGET_NAME)";
			};
			name = Release;
		};
		A09D17D21A79E14700285630 /* Debug */ = {
			isa = XCBuildConfiguration;
			buildSettings = {
				BUNDLE_LOADER = "$(TEST_HOST)";
				FRAMEWORK_SEARCH_PATHS = (
					"$(SDKROOT)/Developer/Library/Frameworks",
					"$(inherited)",
				);
				GCC_PREPROCESSOR_DEFINITIONS = (
					"DEBUG=1",
					"$(inherited)",
				);
				INFOPLIST_FILE = SlotMachineTests/Info.plist;
				LD_RUNPATH_SEARCH_PATHS = "$(inherited) @executable_path/Frameworks @loader_path/Frameworks";
				PRODUCT_NAME = "$(TARGET_NAME)";
				TEST_HOST = "$(BUILT_PRODUCTS_DIR)/SlotMachine.app/SlotMachine";
			};
			name = Debug;
		};
		A09D17D31A79E14700285630 /* Release */ = {
			isa = XCBuildConfiguration;
			buildSettings = {
				BUNDLE_LOADER = "$(TEST_HOST)";
				FRAMEWORK_SEARCH_PATHS = (
					"$(SDKROOT)/Developer/Library/Frameworks",
					"$(inherited)",
				);
				INFOPLIST_FILE = SlotMachineTests/Info.plist;
				LD_RUNPATH_SEARCH_PATHS = "$(inherited) @executable_path/Frameworks @loader_path/Frameworks";
				PRODUCT_NAME = "$(TARGET_NAME)";
				TEST_HOST = "$(BUILT_PRODUCTS_DIR)/SlotMachine.app/SlotMachine";
			};
			name = Release;
		};
/* End XCBuildConfiguration section */

/* Begin XCConfigurationList section */
		A09D17AA1A79E14600285630 /* Build configuration list for PBXProject "SlotMachine" */ = {
			isa = XCConfigurationList;
			buildConfigurations = (
				A09D17CC1A79E14700285630 /* Debug */,
				A09D17CD1A79E14700285630 /* Release */,
			);
			defaultConfigurationIsVisible = 0;
			defaultConfigurationName = Release;
		};
		A09D17CE1A79E14700285630 /* Build configuration list for PBXNativeTarget "SlotMachine" */ = {
			isa = XCConfigurationList;
			buildConfigurations = (
				A09D17CF1A79E14700285630 /* Debug */,
				A09D17D01A79E14700285630 /* Release */,
			);
			defaultConfigurationIsVisible = 0;
		};
		A09D17D11A79E14700285630 /* Build configuration list for PBXNativeTarget "SlotMachineTests" */ = {
			isa = XCConfigurationList;
			buildConfigurations = (
				A09D17D21A79E14700285630 /* Debug */,
				A09D17D31A79E14700285630 /* Release */,
			);
			defaultConfigurationIsVisible = 0;
		};
/* End XCConfigurationList section */
	};
	rootObject = A09D17A71A79E14600285630 /* Project object */;
}
